
Microsoft Visual Studio Solution File, Format Version 12.00
# Visual Studio Version 16
VisualStudioVersion = 16.0.30011.22
MinimumVisualStudioVersion = 10.0.40219.1
Project("{FAE04EC0-301F-11D3-BF4B-00C04F79EFBC}") = "ShellPresentation.Android", "ShellPresentation\ShellPresentation.Android\ShellPresentation.Android.csproj", "{09F8F7CD-70FB-4816-AA9C-6790D42E4730}"
EndProject
Project("{FAE04EC0-301F-11D3-BF4B-00C04F79EFBC}") = "ShellPresentation.iOS", "ShellPresentation\ShellPresentation.iOS\ShellPresentation.iOS.csproj", "{C39E5BE1-AF39-428A-ADE0-982415D6D5D5}"
EndProject
Project("{FAE04EC0-301F-11D3-BF4B-00C04F79EFBC}") = "ShellPresentation", "ShellPresentation\ShellPresentation\ShellPresentation.csproj", "{6F1CAEDC-08F7-4FDF-A292-77B32C8897CB}"
EndProject
Global
	GlobalSection(SolutionConfigurationPlatforms) = preSolution
		Debug|Any CPU = Debug|Any CPU
		Debug|iPhone = Debug|iPhone
		Debug|iPhoneSimulator = Debug|iPhoneSimulator
		Release|Any CPU = Release|Any CPU
		Release|iPhone = Release|iPhone
		Release|iPhoneSimulator = Release|iPhoneSimulator
	EndGlobalSection
	GlobalSection(ProjectConfigurationPlatforms) = postSolution
		{09F8F7CD-70FB-4816-AA9C-6790D42E4730}.Debug|Any CPU.ActiveCfg = Debug|Any CPU
		{09F8F7CD-70FB-4816-AA9C-6790D42E4730}.Debug|Any CPU.Build.0 = Debug|Any CPU
		{09F8F7CD-70FB-4816-AA9C-6790D42E4730}.Debug|Any CPU.Deploy.0 = Debug|Any CPU
		{09F8F7CD-70FB-4816-AA9C-6790D42E4730}.Debug|iPhone.ActiveCfg = Debug|Any CPU
		{09F8F7CD-70FB-4816-AA9C-6790D42E4730}.Debug|iPhone.Build.0 = Debug|Any CPU
		{09F8F7CD-70FB-4816-AA9C-6790D42E4730}.Debug|iPhone.Deploy.0 = Debug|Any CPU
		{09F8F7CD-70FB-4816-AA9C-6790D42E4730}.Debug|iPhoneSimulator.ActiveCfg = Debug|Any CPU
		{09F8F7CD-70FB-4816-AA9C-6790D42E4730}.Debug|iPhoneSimulator.Build.0 = Debug|Any CPU
		{09F8F7CD-70FB-4816-AA9C-6790D42E4730}.Debug|iPhoneSimulator.Deploy.0 = Debug|Any CPU
		{09F8F7CD-70FB-4816-AA9C-6790D42E4730}.Release|Any CPU.ActiveCfg = Release|Any CPU
		{09F8F7CD-70FB-4816-AA9C-6790D42E4730}.Release|Any CPU.Build.0 = Release|Any CPU
		{09F8F7CD-70FB-4816-AA9C-6790D42E4730}.Release|Any CPU.Deploy.0 = Release|Any CPU
		{09F8F7CD-70FB-4816-AA9C-6790D42E4730}.Release|iPhone.ActiveCfg = Release|Any CPU
		{09F8F7CD-70FB-4816-AA9C-6790D42E4730}.Release|iPhone.Build.0 = Release|Any CPU
		{09F8F7CD-70FB-4816-AA9C-6790D42E4730}.Release|iPhone.Deploy.0 = Release|Any CPU
		{09F8F7CD-70FB-4816-AA9C-6790D42E4730}.Release|iPhoneSimulator.ActiveCfg = Release|Any CPU
		{09F8F7CD-70FB-4816-AA9C-6790D42E4730}.Release|iPhoneSimulator.Build.0 = Release|Any CPU
		{09F8F7CD-70FB-4816-AA9C-6790D42E4730}.Release|iPhoneSimulator.Deploy.0 = Release|Any CPU
		{C39E5BE1-AF39-428A-ADE0-982415D6D5D5}.Debug|Any CPU.ActiveCfg = Debug|iPhone
		{C39E5BE1-AF39-428A-ADE0-982415D6D5D5}.Debug|Any CPU.Build.0 = Debug|iPhone
		{C39E5BE1-AF39-428A-ADE0-982415D6D5D5}.Debug|Any CPU.Deploy.0 = Debug|iPhone
		{C39E5BE1-AF39-428A-ADE0-982415D6D5D5}.Debug|iPhone.ActiveCfg = Debug|iPhone
		{C39E5BE1-AF39-428A-ADE0-982415D6D5D5}.Debug|iPhone.Build.0 = Debug|iPhone
		{C39E5BE1-AF39-428A-ADE0-982415D6D5D5}.Debug|iPhone.Deploy.0 = Debug|iPhone
		{C39E5BE1-AF39-428A-ADE0-982415D6D5D5}.Debug|iPhoneSimulator.ActiveCfg = Debug|iPhoneSimulator
		{C39E5BE1-AF39-428A-ADE0-982415D6D5D5}.Debug|iPhoneSimulator.Build.0 = Debug|iPhoneSimulator
		{C39E5BE1-AF39-428A-ADE0-982415D6D5D5}.Debug|iPhoneSimulator.Deploy.0 = Debug|iPhoneSimulator
		{C39E5BE1-AF39-428A-ADE0-982415D6D5D5}.Release|Any CPU.ActiveCfg = Release|iPhone
		{C39E5BE1-AF39-428A-ADE0-982415D6D5D5}.Release|Any CPU.Build.0 = Release|iPhone
		{C39E5BE1-AF39-428A-ADE0-982415D6D5D5}.Release|Any CPU.Deploy.0 = Release|iPhone
		{C39E5BE1-AF39-428A-ADE0-982415D6D5D5}.Release|iPhone.ActiveCfg = Release|iPhone
		{C39E5BE1-AF39-428A-ADE0-982415D6D5D5}.Release|iPhone.Build.0 = Release|iPhone
		{C39E5BE1-AF39-428A-ADE0-982415D6D5D5}.Release|iPhone.Deploy.0 = Release|iPhone
		{C39E5BE1-AF39-428A-ADE0-982415D6D5D5}.Release|iPhoneSimulator.ActiveCfg = Release|iPhoneSimulator
		{C39E5BE1-AF39-428A-ADE0-982415D6D5D5}.Release|iPhoneSimulator.Build.0 = Release|iPhoneSimulator
		{C39E5BE1-AF39-428A-ADE0-982415D6D5D5}.Release|iPhoneSimulator.Deploy.0 = Release|iPhoneSimulator
		{6F1CAEDC-08F7-4FDF-A292-77B32C8897CB}.Debug|Any CPU.ActiveCfg = Debug|Any CPU
		{6F1CAEDC-08F7-4FDF-A292-77B32C8897CB}.Debug|Any CPU.Build.0 = Debug|Any CPU
		{6F1CAEDC-08F7-4FDF-A292-77B32C8897CB}.Debug|Any CPU.Deploy.0 = Debug|Any CPU
		{6F1CAEDC-08F7-4FDF-A292-77B32C8897CB}.Debug|iPhone.ActiveCfg = Debug|Any CPU
		{6F1CAEDC-08F7-4FDF-A292-77B32C8897CB}.Debug|iPhone.Build.0 = Debug|Any CPU
		{6F1CAEDC-08F7-4FDF-A292-77B32C8897CB}.Debug|iPhone.Deploy.0 = Debug|Any CPU
		{6F1CAEDC-08F7-4FDF-A292-77B32C8897CB}.Debug|iPhoneSimulator.ActiveCfg = Debug|Any CPU
		{6F1CAEDC-08F7-4FDF-A292-77B32C8897CB}.Debug|iPhoneSimulator.Build.0 = Debug|Any CPU
		{6F1CAEDC-08F7-4FDF-A292-77B32C8897CB}.Debug|iPhoneSimulator.Deploy.0 = Debug|Any CPU
		{6F1CAEDC-08F7-4FDF-A292-77B32C8897CB}.Release|Any CPU.ActiveCfg = Release|Any CPU
		{6F1CAEDC-08F7-4FDF-A292-77B32C8897CB}.Release|Any CPU.Build.0 = Release|Any CPU
		{6F1CAEDC-08F7-4FDF-A292-77B32C8897CB}.Release|Any CPU.Deploy.0 = Release|Any CPU
		{6F1CAEDC-08F7-4FDF-A292-77B32C8897CB}.Release|iPhone.ActiveCfg = Release|Any CPU
		{6F1CAEDC-08F7-4FDF-A292-77B32C8897CB}.Release|iPhone.Build.0 = Release|Any CPU
		{6F1CAEDC-08F7-4FDF-A292-77B32C8897CB}.Release|iPhone.Deploy.0 = Release|Any CPU
		{6F1CAEDC-08F7-4FDF-A292-77B32C8897CB}.Release|iPhoneSimulator.ActiveCfg = Release|Any CPU
		{6F1CAEDC-08F7-4FDF-A292-77B32C8897CB}.Release|iPhoneSimulator.Build.0 = Release|Any CPU
		{6F1CAEDC-08F7-4FDF-A292-77B32C8897CB}.Release|iPhoneSimulator.Deploy.0 = Release|Any CPU
	EndGlobalSection
	GlobalSection(SolutionProperties) = preSolution
		HideSolutionNode = FALSE
	EndGlobalSection
	GlobalSection(ExtensibilityGlobals) = postSolution
		SolutionGuid = {DA9BCAA2-F159-46C3-8D01-DCC6B4AEBB18}
	EndGlobalSection
EndGlobal
