
Microsoft Visual Studio Solution File, Format Version 12.00
# Visual Studio Version 16
VisualStudioVersion = 16.0.30114.105
MinimumVisualStudioVersion = 10.0.40219.1
Project("{FAE04EC0-301F-11D3-BF4B-00C04F79EFBC}") = "PlacesApp.Mobile.Android", "PlacesApp.Mobile\PlacesApp.Mobile.Android\PlacesApp.Mobile.Android.csproj", "{23DF2114-1222-450E-9768-64179581D306}"
EndProject
Project("{FAE04EC0-301F-11D3-BF4B-00C04F79EFBC}") = "PlacesApp.Mobile.iOS", "PlacesApp.Mobile\PlacesApp.Mobile.iOS\PlacesApp.Mobile.iOS.csproj", "{87590DD9-1C50-4555-81AB-34D1121AA829}"
EndProject
Project("{FAE04EC0-301F-11D3-BF4B-00C04F79EFBC}") = "PlacesApp.Mobile", "PlacesApp.Mobile\PlacesApp.Mobile\PlacesApp.Mobile.csproj", "{7572E700-5CC2-4D8D-A7EF-06938DD91F14}"
EndProject
Global
	GlobalSection(SolutionConfigurationPlatforms) = preSolution
		Debug|Any CPU = Debug|Any CPU
		Debug|iPhone = Debug|iPhone
		Debug|iPhoneSimulator = Debug|iPhoneSimulator
		Release|Any CPU = Release|Any CPU
		Release|iPhone = Release|iPhone
		Release|iPhoneSimulator = Release|iPhoneSimulator
	EndGlobalSection
	GlobalSection(ProjectConfigurationPlatforms) = postSolution
		{23DF2114-1222-450E-9768-64179581D306}.Debug|Any CPU.ActiveCfg = Debug|Any CPU
		{23DF2114-1222-450E-9768-64179581D306}.Debug|Any CPU.Build.0 = Debug|Any CPU
		{23DF2114-1222-450E-9768-64179581D306}.Debug|Any CPU.Deploy.0 = Debug|Any CPU
		{23DF2114-1222-450E-9768-64179581D306}.Debug|iPhone.ActiveCfg = Debug|Any CPU
		{23DF2114-1222-450E-9768-64179581D306}.Debug|iPhone.Build.0 = Debug|Any CPU
		{23DF2114-1222-450E-9768-64179581D306}.Debug|iPhone.Deploy.0 = Debug|Any CPU
		{23DF2114-1222-450E-9768-64179581D306}.Debug|iPhoneSimulator.ActiveCfg = Debug|Any CPU
		{23DF2114-1222-450E-9768-64179581D306}.Debug|iPhoneSimulator.Build.0 = Debug|Any CPU
		{23DF2114-1222-450E-9768-64179581D306}.Debug|iPhoneSimulator.Deploy.0 = Debug|Any CPU
		{23DF2114-1222-450E-9768-64179581D306}.Release|Any CPU.ActiveCfg = Release|Any CPU
		{23DF2114-1222-450E-9768-64179581D306}.Release|Any CPU.Build.0 = Release|Any CPU
		{23DF2114-1222-450E-9768-64179581D306}.Release|Any CPU.Deploy.0 = Release|Any CPU
		{23DF2114-1222-450E-9768-64179581D306}.Release|iPhone.ActiveCfg = Release|Any CPU
		{23DF2114-1222-450E-9768-64179581D306}.Release|iPhone.Build.0 = Release|Any CPU
		{23DF2114-1222-450E-9768-64179581D306}.Release|iPhone.Deploy.0 = Release|Any CPU
		{23DF2114-1222-450E-9768-64179581D306}.Release|iPhoneSimulator.ActiveCfg = Release|Any CPU
		{23DF2114-1222-450E-9768-64179581D306}.Release|iPhoneSimulator.Build.0 = Release|Any CPU
		{23DF2114-1222-450E-9768-64179581D306}.Release|iPhoneSimulator.Deploy.0 = Release|Any CPU
		{87590DD9-1C50-4555-81AB-34D1121AA829}.Debug|Any CPU.ActiveCfg = Debug|iPhone
		{87590DD9-1C50-4555-81AB-34D1121AA829}.Debug|Any CPU.Build.0 = Debug|iPhone
		{87590DD9-1C50-4555-81AB-34D1121AA829}.Debug|Any CPU.Deploy.0 = Debug|iPhone
		{87590DD9-1C50-4555-81AB-34D1121AA829}.Debug|iPhone.ActiveCfg = Debug|iPhone
		{87590DD9-1C50-4555-81AB-34D1121AA829}.Debug|iPhone.Build.0 = Debug|iPhone
		{87590DD9-1C50-4555-81AB-34D1121AA829}.Debug|iPhone.Deploy.0 = Debug|iPhone
		{87590DD9-1C50-4555-81AB-34D1121AA829}.Debug|iPhoneSimulator.ActiveCfg = Debug|iPhoneSimulator
		{87590DD9-1C50-4555-81AB-34D1121AA829}.Debug|iPhoneSimulator.Build.0 = Debug|iPhoneSimulator
		{87590DD9-1C50-4555-81AB-34D1121AA829}.Debug|iPhoneSimulator.Deploy.0 = Debug|iPhoneSimulator
		{87590DD9-1C50-4555-81AB-34D1121AA829}.Release|Any CPU.ActiveCfg = Release|iPhone
		{87590DD9-1C50-4555-81AB-34D1121AA829}.Release|Any CPU.Build.0 = Release|iPhone
		{87590DD9-1C50-4555-81AB-34D1121AA829}.Release|Any CPU.Deploy.0 = Release|iPhone
		{87590DD9-1C50-4555-81AB-34D1121AA829}.Release|iPhone.ActiveCfg = Release|iPhone
		{87590DD9-1C50-4555-81AB-34D1121AA829}.Release|iPhone.Build.0 = Release|iPhone
		{87590DD9-1C50-4555-81AB-34D1121AA829}.Release|iPhone.Deploy.0 = Release|iPhone
		{87590DD9-1C50-4555-81AB-34D1121AA829}.Release|iPhoneSimulator.ActiveCfg = Release|iPhoneSimulator
		{87590DD9-1C50-4555-81AB-34D1121AA829}.Release|iPhoneSimulator.Build.0 = Release|iPhoneSimulator
		{87590DD9-1C50-4555-81AB-34D1121AA829}.Release|iPhoneSimulator.Deploy.0 = Release|iPhoneSimulator
		{7572E700-5CC2-4D8D-A7EF-06938DD91F14}.Debug|Any CPU.ActiveCfg = Debug|Any CPU
		{7572E700-5CC2-4D8D-A7EF-06938DD91F14}.Debug|Any CPU.Build.0 = Debug|Any CPU
		{7572E700-5CC2-4D8D-A7EF-06938DD91F14}.Debug|Any CPU.Deploy.0 = Debug|Any CPU
		{7572E700-5CC2-4D8D-A7EF-06938DD91F14}.Debug|iPhone.ActiveCfg = Debug|Any CPU
		{7572E700-5CC2-4D8D-A7EF-06938DD91F14}.Debug|iPhone.Build.0 = Debug|Any CPU
		{7572E700-5CC2-4D8D-A7EF-06938DD91F14}.Debug|iPhone.Deploy.0 = Debug|Any CPU
		{7572E700-5CC2-4D8D-A7EF-06938DD91F14}.Debug|iPhoneSimulator.ActiveCfg = Debug|Any CPU
		{7572E700-5CC2-4D8D-A7EF-06938DD91F14}.Debug|iPhoneSimulator.Build.0 = Debug|Any CPU
		{7572E700-5CC2-4D8D-A7EF-06938DD91F14}.Debug|iPhoneSimulator.Deploy.0 = Debug|Any CPU
		{7572E700-5CC2-4D8D-A7EF-06938DD91F14}.Release|Any CPU.ActiveCfg = Release|Any CPU
		{7572E700-5CC2-4D8D-A7EF-06938DD91F14}.Release|Any CPU.Build.0 = Release|Any CPU
		{7572E700-5CC2-4D8D-A7EF-06938DD91F14}.Release|Any CPU.Deploy.0 = Release|Any CPU
		{7572E700-5CC2-4D8D-A7EF-06938DD91F14}.Release|iPhone.ActiveCfg = Release|Any CPU
		{7572E700-5CC2-4D8D-A7EF-06938DD91F14}.Release|iPhone.Build.0 = Release|Any CPU
		{7572E700-5CC2-4D8D-A7EF-06938DD91F14}.Release|iPhone.Deploy.0 = Release|Any CPU
		{7572E700-5CC2-4D8D-A7EF-06938DD91F14}.Release|iPhoneSimulator.ActiveCfg = Release|Any CPU
		{7572E700-5CC2-4D8D-A7EF-06938DD91F14}.Release|iPhoneSimulator.Build.0 = Release|Any CPU
		{7572E700-5CC2-4D8D-A7EF-06938DD91F14}.Release|iPhoneSimulator.Deploy.0 = Release|Any CPU
	EndGlobalSection
	GlobalSection(SolutionProperties) = preSolution
		HideSolutionNode = FALSE
	EndGlobalSection
	GlobalSection(ExtensibilityGlobals) = postSolution
		SolutionGuid = {631487E0-3B33-40F2-98EF-8797739433CC}
	EndGlobalSection
EndGlobal
