
Microsoft Visual Studio Solution File, Format Version 12.00
# Visual Studio Version 16
VisualStudioVersion = 16.0.30516.212
MinimumVisualStudioVersion = 10.0.40219.1
Project("{FAE04EC0-301F-11D3-BF4B-00C04F79EFBC}") = "PlacesApp.Mobile.Android", "PlacesApp.Mobile.Android\PlacesApp.Mobile.Android.csproj", "{E1AE8708-9BA1-4EE8-BFC2-F4FB7BF8D14A}"
EndProject
Project("{FAE04EC0-301F-11D3-BF4B-00C04F79EFBC}") = "PlacesApp.Mobile.iOS", "PlacesApp.Mobile.iOS\PlacesApp.Mobile.iOS.csproj", "{E97C9CE5-1E80-496E-82D7-4D321813C470}"
EndProject
Project("{9A19103F-16F7-4668-BE54-9A1E7A4F7556}") = "PlacesApp.Mobile", "PlacesApp.Mobile\PlacesApp.Mobile.csproj", "{E8E2AC6A-D2B5-4C38-80B9-051AFA92CE89}"
EndProject
Project("{FAE04EC0-301F-11D3-BF4B-00C04F79EFBC}") = "PlacesApp.Shared", "PlacesApp.Shared\PlacesApp.Shared.csproj", "{D20A99ED-8A47-45B7-95AE-F16ECE26D2AD}"
EndProject
Global
	GlobalSection(SolutionConfigurationPlatforms) = preSolution
		Debug|Any CPU = Debug|Any CPU
		Debug|iPhone = Debug|iPhone
		Debug|iPhoneSimulator = Debug|iPhoneSimulator
		Release|Any CPU = Release|Any CPU
		Release|iPhone = Release|iPhone
		Release|iPhoneSimulator = Release|iPhoneSimulator
	EndGlobalSection
	GlobalSection(ProjectConfigurationPlatforms) = postSolution
		{E1AE8708-9BA1-4EE8-BFC2-F4FB7BF8D14A}.Debug|Any CPU.ActiveCfg = Debug|Any CPU
		{E1AE8708-9BA1-4EE8-BFC2-F4FB7BF8D14A}.Debug|Any CPU.Build.0 = Debug|Any CPU
		{E1AE8708-9BA1-4EE8-BFC2-F4FB7BF8D14A}.Debug|Any CPU.Deploy.0 = Debug|Any CPU
		{E1AE8708-9BA1-4EE8-BFC2-F4FB7BF8D14A}.Debug|iPhone.ActiveCfg = Debug|Any CPU
		{E1AE8708-9BA1-4EE8-BFC2-F4FB7BF8D14A}.Debug|iPhone.Build.0 = Debug|Any CPU
		{E1AE8708-9BA1-4EE8-BFC2-F4FB7BF8D14A}.Debug|iPhone.Deploy.0 = Debug|Any CPU
		{E1AE8708-9BA1-4EE8-BFC2-F4FB7BF8D14A}.Debug|iPhoneSimulator.ActiveCfg = Debug|Any CPU
		{E1AE8708-9BA1-4EE8-BFC2-F4FB7BF8D14A}.Debug|iPhoneSimulator.Build.0 = Debug|Any CPU
		{E1AE8708-9BA1-4EE8-BFC2-F4FB7BF8D14A}.Debug|iPhoneSimulator.Deploy.0 = Debug|Any CPU
		{E1AE8708-9BA1-4EE8-BFC2-F4FB7BF8D14A}.Release|Any CPU.ActiveCfg = Release|Any CPU
		{E1AE8708-9BA1-4EE8-BFC2-F4FB7BF8D14A}.Release|Any CPU.Build.0 = Release|Any CPU
		{E1AE8708-9BA1-4EE8-BFC2-F4FB7BF8D14A}.Release|Any CPU.Deploy.0 = Release|Any CPU
		{E1AE8708-9BA1-4EE8-BFC2-F4FB7BF8D14A}.Release|iPhone.ActiveCfg = Release|Any CPU
		{E1AE8708-9BA1-4EE8-BFC2-F4FB7BF8D14A}.Release|iPhone.Build.0 = Release|Any CPU
		{E1AE8708-9BA1-4EE8-BFC2-F4FB7BF8D14A}.Release|iPhone.Deploy.0 = Release|Any CPU
		{E1AE8708-9BA1-4EE8-BFC2-F4FB7BF8D14A}.Release|iPhoneSimulator.ActiveCfg = Release|Any CPU
		{E1AE8708-9BA1-4EE8-BFC2-F4FB7BF8D14A}.Release|iPhoneSimulator.Build.0 = Release|Any CPU
		{E1AE8708-9BA1-4EE8-BFC2-F4FB7BF8D14A}.Release|iPhoneSimulator.Deploy.0 = Release|Any CPU
		{E97C9CE5-1E80-496E-82D7-4D321813C470}.Debug|Any CPU.ActiveCfg = Debug|iPhone
		{E97C9CE5-1E80-496E-82D7-4D321813C470}.Debug|Any CPU.Build.0 = Debug|iPhone
		{E97C9CE5-1E80-496E-82D7-4D321813C470}.Debug|Any CPU.Deploy.0 = Debug|iPhone
		{E97C9CE5-1E80-496E-82D7-4D321813C470}.Debug|iPhone.ActiveCfg = Debug|iPhone
		{E97C9CE5-1E80-496E-82D7-4D321813C470}.Debug|iPhone.Build.0 = Debug|iPhone
		{E97C9CE5-1E80-496E-82D7-4D321813C470}.Debug|iPhone.Deploy.0 = Debug|iPhone
		{E97C9CE5-1E80-496E-82D7-4D321813C470}.Debug|iPhoneSimulator.ActiveCfg = Debug|iPhoneSimulator
		{E97C9CE5-1E80-496E-82D7-4D321813C470}.Debug|iPhoneSimulator.Build.0 = Debug|iPhoneSimulator
		{E97C9CE5-1E80-496E-82D7-4D321813C470}.Debug|iPhoneSimulator.Deploy.0 = Debug|iPhoneSimulator
		{E97C9CE5-1E80-496E-82D7-4D321813C470}.Release|Any CPU.ActiveCfg = Release|iPhoneSimulator
		{E97C9CE5-1E80-496E-82D7-4D321813C470}.Release|Any CPU.Build.0 = Release|iPhoneSimulator
		{E97C9CE5-1E80-496E-82D7-4D321813C470}.Release|Any CPU.Deploy.0 = Release|iPhoneSimulator
		{E97C9CE5-1E80-496E-82D7-4D321813C470}.Release|iPhone.ActiveCfg = Release|iPhone
		{E97C9CE5-1E80-496E-82D7-4D321813C470}.Release|iPhone.Build.0 = Release|iPhone
		{E97C9CE5-1E80-496E-82D7-4D321813C470}.Release|iPhone.Deploy.0 = Release|iPhone
		{E97C9CE5-1E80-496E-82D7-4D321813C470}.Release|iPhoneSimulator.ActiveCfg = Release|iPhoneSimulator
		{E97C9CE5-1E80-496E-82D7-4D321813C470}.Release|iPhoneSimulator.Build.0 = Release|iPhoneSimulator
		{E97C9CE5-1E80-496E-82D7-4D321813C470}.Release|iPhoneSimulator.Deploy.0 = Release|iPhoneSimulator
		{E8E2AC6A-D2B5-4C38-80B9-051AFA92CE89}.Debug|Any CPU.ActiveCfg = Debug|Any CPU
		{E8E2AC6A-D2B5-4C38-80B9-051AFA92CE89}.Debug|Any CPU.Build.0 = Debug|Any CPU
		{E8E2AC6A-D2B5-4C38-80B9-051AFA92CE89}.Debug|Any CPU.Deploy.0 = Debug|Any CPU
		{E8E2AC6A-D2B5-4C38-80B9-051AFA92CE89}.Debug|iPhone.ActiveCfg = Debug|Any CPU
		{E8E2AC6A-D2B5-4C38-80B9-051AFA92CE89}.Debug|iPhone.Build.0 = Debug|Any CPU
		{E8E2AC6A-D2B5-4C38-80B9-051AFA92CE89}.Debug|iPhone.Deploy.0 = Debug|Any CPU
		{E8E2AC6A-D2B5-4C38-80B9-051AFA92CE89}.Debug|iPhoneSimulator.ActiveCfg = Debug|Any CPU
		{E8E2AC6A-D2B5-4C38-80B9-051AFA92CE89}.Debug|iPhoneSimulator.Build.0 = Debug|Any CPU
		{E8E2AC6A-D2B5-4C38-80B9-051AFA92CE89}.Debug|iPhoneSimulator.Deploy.0 = Debug|Any CPU
		{E8E2AC6A-D2B5-4C38-80B9-051AFA92CE89}.Release|Any CPU.ActiveCfg = Release|Any CPU
		{E8E2AC6A-D2B5-4C38-80B9-051AFA92CE89}.Release|Any CPU.Build.0 = Release|Any CPU
		{E8E2AC6A-D2B5-4C38-80B9-051AFA92CE89}.Release|Any CPU.Deploy.0 = Release|Any CPU
		{E8E2AC6A-D2B5-4C38-80B9-051AFA92CE89}.Release|iPhone.ActiveCfg = Release|Any CPU
		{E8E2AC6A-D2B5-4C38-80B9-051AFA92CE89}.Release|iPhone.Build.0 = Release|Any CPU
		{E8E2AC6A-D2B5-4C38-80B9-051AFA92CE89}.Release|iPhone.Deploy.0 = Release|Any CPU
		{E8E2AC6A-D2B5-4C38-80B9-051AFA92CE89}.Release|iPhoneSimulator.ActiveCfg = Release|Any CPU
		{E8E2AC6A-D2B5-4C38-80B9-051AFA92CE89}.Release|iPhoneSimulator.Build.0 = Release|Any CPU
		{E8E2AC6A-D2B5-4C38-80B9-051AFA92CE89}.Release|iPhoneSimulator.Deploy.0 = Release|Any CPU
		{D20A99ED-8A47-45B7-95AE-F16ECE26D2AD}.Debug|Any CPU.ActiveCfg = Debug|Any CPU
		{D20A99ED-8A47-45B7-95AE-F16ECE26D2AD}.Debug|Any CPU.Build.0 = Debug|Any CPU
		{D20A99ED-8A47-45B7-95AE-F16ECE26D2AD}.Debug|iPhone.ActiveCfg = Debug|Any CPU
		{D20A99ED-8A47-45B7-95AE-F16ECE26D2AD}.Debug|iPhone.Build.0 = Debug|Any CPU
		{D20A99ED-8A47-45B7-95AE-F16ECE26D2AD}.Debug|iPhoneSimulator.ActiveCfg = Debug|Any CPU
		{D20A99ED-8A47-45B7-95AE-F16ECE26D2AD}.Debug|iPhoneSimulator.Build.0 = Debug|Any CPU
		{D20A99ED-8A47-45B7-95AE-F16ECE26D2AD}.Release|Any CPU.ActiveCfg = Release|Any CPU
		{D20A99ED-8A47-45B7-95AE-F16ECE26D2AD}.Release|Any CPU.Build.0 = Release|Any CPU
		{D20A99ED-8A47-45B7-95AE-F16ECE26D2AD}.Release|iPhone.ActiveCfg = Release|Any CPU
		{D20A99ED-8A47-45B7-95AE-F16ECE26D2AD}.Release|iPhone.Build.0 = Release|Any CPU
		{D20A99ED-8A47-45B7-95AE-F16ECE26D2AD}.Release|iPhoneSimulator.ActiveCfg = Release|Any CPU
		{D20A99ED-8A47-45B7-95AE-F16ECE26D2AD}.Release|iPhoneSimulator.Build.0 = Release|Any CPU
	EndGlobalSection
	GlobalSection(SolutionProperties) = preSolution
		HideSolutionNode = FALSE
	EndGlobalSection
	GlobalSection(ExtensibilityGlobals) = postSolution
		SolutionGuid = {7BEA6854-DB23-4909-B0E6-5473260E45E8}
	EndGlobalSection
EndGlobal
